// !$*UTF8*$!
{
	archiveVersion = 1;
	classes = {
	};
	objectVersion = 46;
	objects = {

/* Begin PBXBuildFile section */
		974C846C17CDB30D00E4B43C /* UIKit.framework in Frameworks */ = {isa = PBXBuildFile; fileRef = 974C846B17CDB30D00E4B43C /* UIKit.framework */; };
		974C846E17CDB30D00E4B43C /* Foundation.framework in Frameworks */ = {isa = PBXBuildFile; fileRef = 974C846D17CDB30D00E4B43C /* Foundation.framework */; };
		974C847017CDB30D00E4B43C /* CoreGraphics.framework in Frameworks */ = {isa = PBXBuildFile; fileRef = 974C846F17CDB30D00E4B43C /* CoreGraphics.framework */; };
		974C847617CDB30D00E4B43C /* InfoPlist.strings in Resources */ = {isa = PBXBuildFile; fileRef = 974C847417CDB30D00E4B43C /* InfoPlist.strings */; };
		974C847817CDB30D00E4B43C /* main.m in Sources */ = {isa = PBXBuildFile; fileRef = 974C847717CDB30D00E4B43C /* main.m */; };
		974C847C17CDB30D00E4B43C /* AppDelegate.m in Sources */ = {isa = PBXBuildFile; fileRef = 974C847B17CDB30D00E4B43C /* AppDelegate.m */; };
		974C847E17CDB30D00E4B43C /* Default.png in Resources */ = {isa = PBXBuildFile; fileRef = 974C847D17CDB30D00E4B43C /* Default.png */; };
		974C848017CDB30D00E4B43C /* Default@2x.png in Resources */ = {isa = PBXBuildFile; fileRef = 974C847F17CDB30D00E4B43C /* Default@2x.png */; };
		974C848217CDB30D00E4B43C /* Default-568h@2x.png in Resources */ = {isa = PBXBuildFile; fileRef = 974C848117CDB30D00E4B43C /* Default-568h@2x.png */; };
		974C848517CDB30D00E4B43C /* MainStoryboard.storyboard in Resources */ = {isa = PBXBuildFile; fileRef = 974C848317CDB30D00E4B43C /* MainStoryboard.storyboard */; };
		974C848817CDB30D00E4B43C /* ViewController.m in Sources */ = {isa = PBXBuildFile; fileRef = 974C848717CDB30D00E4B43C /* ViewController.m */; };
		974C849017CDB4BD00E4B43C /* FitziMainViewController.m in Sources */ = {isa = PBXBuildFile; fileRef = 974C848F17CDB4BD00E4B43C /* FitziMainViewController.m */; };
		9783A43A17CFD5CC00499CD0 /* leftBottomButton.png in Resources */ = {isa = PBXBuildFile; fileRef = 9783A43617CFD5CC00499CD0 /* leftBottomButton.png */; };
		9783A43B17CFD5CC00499CD0 /* leftTopButon.png in Resources */ = {isa = PBXBuildFile; fileRef = 9783A43717CFD5CC00499CD0 /* leftTopButon.png */; };
		9783A43C17CFD5CC00499CD0 /* MenuButton.png in Resources */ = {isa = PBXBuildFile; fileRef = 9783A43817CFD5CC00499CD0 /* MenuButton.png */; };
		9783A43D17CFD5CC00499CD0 /* Title.png in Resources */ = {isa = PBXBuildFile; fileRef = 9783A43917CFD5CC00499CD0 /* Title.png */; };
		97B8FB8A17CFC297008C7F59 /* bg.jpg in Resources */ = {isa = PBXBuildFile; fileRef = 97B8FB8817CFC297008C7F59 /* bg.jpg */; };
		97B8FB8B17CFC297008C7F59 /* bg02.jpg in Resources */ = {isa = PBXBuildFile; fileRef = 97B8FB8917CFC297008C7F59 /* bg02.jpg */; };
		97B8FB8E17CFC4BD008C7F59 /* FitziIndexView.m in Sources */ = {isa = PBXBuildFile; fileRef = 97B8FB8D17CFC4BD008C7F59 /* FitziIndexView.m */; };
		97B8FB9017CFC4E3008C7F59 /* FitziIndexView.xib in Resources */ = {isa = PBXBuildFile; fileRef = 97B8FB8F17CFC4E3008C7F59 /* FitziIndexView.xib */; };
		97B8FB9217CFCDC5008C7F59 /* nav.jpg in Resources */ = {isa = PBXBuildFile; fileRef = 97B8FB9117CFCDC5008C7F59 /* nav.jpg */; };
		97C4AF6517D116CD0047DF29 /* FitEvolutionView.m in Sources */ = {isa = PBXBuildFile; fileRef = 97C4AF6317D116CD0047DF29 /* FitEvolutionView.m */; };
		97C4AF6617D116CD0047DF29 /* FitEvolutionView.xib in Resources */ = {isa = PBXBuildFile; fileRef = 97C4AF6417D116CD0047DF29 /* FitEvolutionView.xib */; };
		97C4AF6817D11B7D0047DF29 /* textbg.png in Resources */ = {isa = PBXBuildFile; fileRef = 97C4AF6717D11B7D0047DF29 /* textbg.png */; };
/* End PBXBuildFile section */

/* Begin PBXFileReference section */
		974C846817CDB30D00E4B43C /* Fitzi.app */ = {isa = PBXFileReference; explicitFileType = wrapper.application; includeInIndex = 0; path = Fitzi.app; sourceTree = BUILT_PRODUCTS_DIR; };
		974C846B17CDB30D00E4B43C /* UIKit.framework */ = {isa = PBXFileReference; lastKnownFileType = wrapper.framework; name = UIKit.framework; path = System/Library/Frameworks/UIKit.framework; sourceTree = SDKROOT; };
		974C846D17CDB30D00E4B43C /* Foundation.framework */ = {isa = PBXFileReference; lastKnownFileType = wrapper.framework; name = Foundation.framework; path = System/Library/Frameworks/Foundation.framework; sourceTree = SDKROOT; };
		974C846F17CDB30D00E4B43C /* CoreGraphics.framework */ = {isa = PBXFileReference; lastKnownFileType = wrapper.framework; name = CoreGraphics.framework; path = System/Library/Frameworks/CoreGraphics.framework; sourceTree = SDKROOT; };
		974C847317CDB30D00E4B43C /* Fitzi-Info.plist */ = {isa = PBXFileReference; lastKnownFileType = text.plist.xml; path = "Fitzi-Info.plist"; sourceTree = "<group>"; };
		974C847517CDB30D00E4B43C /* en */ = {isa = PBXFileReference; lastKnownFileType = text.plist.strings; name = en; path = en.lproj/InfoPlist.strings; sourceTree = "<group>"; };
		974C847717CDB30D00E4B43C /* main.m */ = {isa = PBXFileReference; lastKnownFileType = sourcecode.c.objc; path = main.m; sourceTree = "<group>"; };
		974C847917CDB30D00E4B43C /* Fitzi-Prefix.pch */ = {isa = PBXFileReference; lastKnownFileType = sourcecode.c.h; path = "Fitzi-Prefix.pch"; sourceTree = "<group>"; };
		974C847A17CDB30D00E4B43C /* AppDelegate.h */ = {isa = PBXFileReference; lastKnownFileType = sourcecode.c.h; path = AppDelegate.h; sourceTree = "<group>"; };
		974C847B17CDB30D00E4B43C /* AppDelegate.m */ = {isa = PBXFileReference; lastKnownFileType = sourcecode.c.objc; path = AppDelegate.m; sourceTree = "<group>"; };
		974C847D17CDB30D00E4B43C /* Default.png */ = {isa = PBXFileReference; lastKnownFileType = image.png; path = Default.png; sourceTree = "<group>"; };
		974C847F17CDB30D00E4B43C /* Default@2x.png */ = {isa = PBXFileReference; lastKnownFileType = image.png; path = "Default@2x.png"; sourceTree = "<group>"; };
		974C848117CDB30D00E4B43C /* Default-568h@2x.png */ = {isa = PBXFileReference; lastKnownFileType = image.png; path = "Default-568h@2x.png"; sourceTree = "<group>"; };
		974C848417CDB30D00E4B43C /* en */ = {isa = PBXFileReference; lastKnownFileType = file.storyboard; name = en; path = en.lproj/MainStoryboard.storyboard; sourceTree = "<group>"; };
		974C848617CDB30D00E4B43C /* ViewController.h */ = {isa = PBXFileReference; lastKnownFileType = sourcecode.c.h; path = ViewController.h; sourceTree = "<group>"; };
		974C848717CDB30D00E4B43C /* ViewController.m */ = {isa = PBXFileReference; lastKnownFileType = sourcecode.c.objc; path = ViewController.m; sourceTree = "<group>"; };
		974C848E17CDB4BD00E4B43C /* FitziMainViewController.h */ = {isa = PBXFileReference; fileEncoding = 4; lastKnownFileType = sourcecode.c.h; path = FitziMainViewController.h; sourceTree = "<group>"; };
		974C848F17CDB4BD00E4B43C /* FitziMainViewController.m */ = {isa = PBXFileReference; fileEncoding = 4; lastKnownFileType = sourcecode.c.objc; path = FitziMainViewController.m; sourceTree = "<group>"; };
		9783A43617CFD5CC00499CD0 /* leftBottomButton.png */ = {isa = PBXFileReference; lastKnownFileType = image.png; name = leftBottomButton.png; path = Images/leftBottomButton.png; sourceTree = "<group>"; };
		9783A43717CFD5CC00499CD0 /* leftTopButon.png */ = {isa = PBXFileReference; lastKnownFileType = image.png; name = leftTopButon.png; path = Images/leftTopButon.png; sourceTree = "<group>"; };
		9783A43817CFD5CC00499CD0 /* MenuButton.png */ = {isa = PBXFileReference; lastKnownFileType = image.png; name = MenuButton.png; path = Images/MenuButton.png; sourceTree = "<group>"; };
		9783A43917CFD5CC00499CD0 /* Title.png */ = {isa = PBXFileReference; lastKnownFileType = image.png; name = Title.png; path = Images/Title.png; sourceTree = "<group>"; };
		97B8FB8817CFC297008C7F59 /* bg.jpg */ = {isa = PBXFileReference; lastKnownFileType = image.jpeg; name = bg.jpg; path = Images/bg.jpg; sourceTree = "<group>"; };
		97B8FB8917CFC297008C7F59 /* bg02.jpg */ = {isa = PBXFileReference; lastKnownFileType = image.jpeg; name = bg02.jpg; path = Images/bg02.jpg; sourceTree = "<group>"; };
		97B8FB8C17CFC4BD008C7F59 /* FitziIndexView.h */ = {isa = PBXFileReference; fileEncoding = 4; lastKnownFileType = sourcecode.c.h; path = FitziIndexView.h; sourceTree = "<group>"; };
		97B8FB8D17CFC4BD008C7F59 /* FitziIndexView.m */ = {isa = PBXFileReference; fileEncoding = 4; lastKnownFileType = sourcecode.c.objc; path = FitziIndexView.m; sourceTree = "<group>"; };
		97B8FB8F17CFC4E3008C7F59 /* FitziIndexView.xib */ = {isa = PBXFileReference; fileEncoding = 4; lastKnownFileType = file.xib; path = FitziIndexView.xib; sourceTree = "<group>"; };
		97B8FB9117CFCDC5008C7F59 /* nav.jpg */ = {isa = PBXFileReference; lastKnownFileType = image.jpeg; name = nav.jpg; path = Images/nav.jpg; sourceTree = "<group>"; };
		97C4AF6217D116CC0047DF29 /* FitEvolutionView.h */ = {isa = PBXFileReference; fileEncoding = 4; lastKnownFileType = sourcecode.c.h; path = FitEvolutionView.h; sourceTree = "<group>"; };
		97C4AF6317D116CD0047DF29 /* FitEvolutionView.m */ = {isa = PBXFileReference; fileEncoding = 4; lastKnownFileType = sourcecode.c.objc; path = FitEvolutionView.m; sourceTree = "<group>"; };
		97C4AF6417D116CD0047DF29 /* FitEvolutionView.xib */ = {isa = PBXFileReference; fileEncoding = 4; lastKnownFileType = file.xib; path = FitEvolutionView.xib; sourceTree = "<group>"; };
		97C4AF6717D11B7D0047DF29 /* textbg.png */ = {isa = PBXFileReference; lastKnownFileType = image.png; name = textbg.png; path = Images/textbg.png; sourceTree = "<group>"; };
/* End PBXFileReference section */

/* Begin PBXFrameworksBuildPhase section */
		974C846517CDB30D00E4B43C /* Frameworks */ = {
			isa = PBXFrameworksBuildPhase;
			buildActionMask = 2147483647;
			files = (
				974C846C17CDB30D00E4B43C /* UIKit.framework in Frameworks */,
				974C846E17CDB30D00E4B43C /* Foundation.framework in Frameworks */,
				974C847017CDB30D00E4B43C /* CoreGraphics.framework in Frameworks */,
			);
			runOnlyForDeploymentPostprocessing = 0;
		};
/* End PBXFrameworksBuildPhase section */

/* Begin PBXGroup section */
		974C845F17CDB30D00E4B43C = {
			isa = PBXGroup;
			children = (
				974C847117CDB30D00E4B43C /* Fitzi */,
				974C846A17CDB30D00E4B43C /* Frameworks */,
				974C846917CDB30D00E4B43C /* Products */,
			);
			sourceTree = "<group>";
		};
		974C846917CDB30D00E4B43C /* Products */ = {
			isa = PBXGroup;
			children = (
				974C846817CDB30D00E4B43C /* Fitzi.app */,
			);
			name = Products;
			sourceTree = "<group>";
		};
		974C846A17CDB30D00E4B43C /* Frameworks */ = {
			isa = PBXGroup;
			children = (
				974C846B17CDB30D00E4B43C /* UIKit.framework */,
				974C846D17CDB30D00E4B43C /* Foundation.framework */,
				974C846F17CDB30D00E4B43C /* CoreGraphics.framework */,
			);
			name = Frameworks;
			sourceTree = "<group>";
		};
		974C847117CDB30D00E4B43C /* Fitzi */ = {
			isa = PBXGroup;
			children = (
				974C847A17CDB30D00E4B43C /* AppDelegate.h */,
				974C847B17CDB30D00E4B43C /* AppDelegate.m */,
				974C848317CDB30D00E4B43C /* MainStoryboard.storyboard */,
				974C848617CDB30D00E4B43C /* ViewController.h */,
				974C848717CDB30D00E4B43C /* ViewController.m */,
				974C848E17CDB4BD00E4B43C /* FitziMainViewController.h */,
				974C848F17CDB4BD00E4B43C /* FitziMainViewController.m */,
				97B8FB8C17CFC4BD008C7F59 /* FitziIndexView.h */,
				97B8FB8D17CFC4BD008C7F59 /* FitziIndexView.m */,
				97B8FB8F17CFC4E3008C7F59 /* FitziIndexView.xib */,
				97C4AF6217D116CC0047DF29 /* FitEvolutionView.h */,
				97C4AF6317D116CD0047DF29 /* FitEvolutionView.m */,
				97C4AF6417D116CD0047DF29 /* FitEvolutionView.xib */,
				9772326317CFB80E00DC4CCA /* Images */,
				974C847217CDB30D00E4B43C /* Supporting Files */,
			);
			path = Fitzi;
			sourceTree = "<group>";
		};
		974C847217CDB30D00E4B43C /* Supporting Files */ = {
			isa = PBXGroup;
			children = (
				974C847317CDB30D00E4B43C /* Fitzi-Info.plist */,
				974C847417CDB30D00E4B43C /* InfoPlist.strings */,
				974C847717CDB30D00E4B43C /* main.m */,
				974C847917CDB30D00E4B43C /* Fitzi-Prefix.pch */,
				974C847D17CDB30D00E4B43C /* Default.png */,
				974C847F17CDB30D00E4B43C /* Default@2x.png */,
				974C848117CDB30D00E4B43C /* Default-568h@2x.png */,
			);
			name = "Supporting Files";
			sourceTree = "<group>";
		};
		9772326317CFB80E00DC4CCA /* Images */ = {
			isa = PBXGroup;
			children = (
				97C4AF6717D11B7D0047DF29 /* textbg.png */,
				9783A43617CFD5CC00499CD0 /* leftBottomButton.png */,
				9783A43717CFD5CC00499CD0 /* leftTopButon.png */,
				9783A43817CFD5CC00499CD0 /* MenuButton.png */,
				9783A43917CFD5CC00499CD0 /* Title.png */,
				97B8FB9117CFCDC5008C7F59 /* nav.jpg */,
				97B8FB8817CFC297008C7F59 /* bg.jpg */,
				97B8FB8917CFC297008C7F59 /* bg02.jpg */,
			);
			name = Images;
			sourceTree = "<group>";
		};
/* End PBXGroup section */

/* Begin PBXNativeTarget section */
		974C846717CDB30D00E4B43C /* Fitzi */ = {
			isa = PBXNativeTarget;
			buildConfigurationList = 974C848B17CDB30D00E4B43C /* Build configuration list for PBXNativeTarget "Fitzi" */;
			buildPhases = (
				974C846417CDB30D00E4B43C /* Sources */,
				974C846517CDB30D00E4B43C /* Frameworks */,
				974C846617CDB30D00E4B43C /* Resources */,
			);
			buildRules = (
			);
			dependencies = (
			);
			name = Fitzi;
			productName = Fitzi;
			productReference = 974C846817CDB30D00E4B43C /* Fitzi.app */;
			productType = "com.apple.product-type.application";
		};
/* End PBXNativeTarget section */

/* Begin PBXProject section */
		974C846017CDB30D00E4B43C /* Project object */ = {
			isa = PBXProject;
			attributes = {
				LastUpgradeCheck = 0460;
				ORGANIZATIONNAME = "Gaurav Bhardwaj";
			};
			buildConfigurationList = 974C846317CDB30D00E4B43C /* Build configuration list for PBXProject "Fitzi" */;
			compatibilityVersion = "Xcode 3.2";
			developmentRegion = English;
			hasScannedForEncodings = 0;
			knownRegions = (
				en,
			);
			mainGroup = 974C845F17CDB30D00E4B43C;
			productRefGroup = 974C846917CDB30D00E4B43C /* Products */;
			projectDirPath = "";
			projectRoot = "";
			targets = (
				974C846717CDB30D00E4B43C /* Fitzi */,
			);
		};
/* End PBXProject section */

/* Begin PBXResourcesBuildPhase section */
		974C846617CDB30D00E4B43C /* Resources */ = {
			isa = PBXResourcesBuildPhase;
			buildActionMask = 2147483647;
			files = (
				974C847617CDB30D00E4B43C /* InfoPlist.strings in Resources */,
				974C847E17CDB30D00E4B43C /* Default.png in Resources */,
				974C848017CDB30D00E4B43C /* Default@2x.png in Resources */,
				974C848217CDB30D00E4B43C /* Default-568h@2x.png in Resources */,
				974C848517CDB30D00E4B43C /* MainStoryboard.storyboard in Resources */,
				97B8FB8A17CFC297008C7F59 /* bg.jpg in Resources */,
				97B8FB8B17CFC297008C7F59 /* bg02.jpg in Resources */,
				97B8FB9017CFC4E3008C7F59 /* FitziIndexView.xib in Resources */,
				97B8FB9217CFCDC5008C7F59 /* nav.jpg in Resources */,
				9783A43A17CFD5CC00499CD0 /* leftBottomButton.png in Resources */,
				9783A43B17CFD5CC00499CD0 /* leftTopButon.png in Resources */,
				9783A43C17CFD5CC00499CD0 /* MenuButton.png in Resources */,
				9783A43D17CFD5CC00499CD0 /* Title.png in Resources */,
				97C4AF6617D116CD0047DF29 /* FitEvolutionView.xib in Resources */,
				97C4AF6817D11B7D0047DF29 /* textbg.png in Resources */,
			);
			runOnlyForDeploymentPostprocessing = 0;
		};
/* End PBXResourcesBuildPhase section */

/* Begin PBXSourcesBuildPhase section */
		974C846417CDB30D00E4B43C /* Sources */ = {
			isa = PBXSourcesBuildPhase;
			buildActionMask = 2147483647;
			files = (
				974C847817CDB30D00E4B43C /* main.m in Sources */,
				974C847C17CDB30D00E4B43C /* AppDelegate.m in Sources */,
				974C848817CDB30D00E4B43C /* ViewController.m in Sources */,
				974C849017CDB4BD00E4B43C /* FitziMainViewController.m in Sources */,
				97B8FB8E17CFC4BD008C7F59 /* FitziIndexView.m in Sources */,
				97C4AF6517D116CD0047DF29 /* FitEvolutionView.m in Sources */,
			);
			runOnlyForDeploymentPostprocessing = 0;
		};
/* End PBXSourcesBuildPhase section */

/* Begin PBXVariantGroup section */
		974C847417CDB30D00E4B43C /* InfoPlist.strings */ = {
			isa = PBXVariantGroup;
			children = (
				974C847517CDB30D00E4B43C /* en */,
			);
			name = InfoPlist.strings;
			sourceTree = "<group>";
		};
		974C848317CDB30D00E4B43C /* MainStoryboard.storyboard */ = {
			isa = PBXVariantGroup;
			children = (
				974C848417CDB30D00E4B43C /* en */,
			);
			name = MainStoryboard.storyboard;
			sourceTree = "<group>";
		};
/* End PBXVariantGroup section */

/* Begin XCBuildConfiguration section */
		974C848917CDB30D00E4B43C /* Debug */ = {
			isa = XCBuildConfiguration;
			buildSettings = {
				ALWAYS_SEARCH_USER_PATHS = NO;
				CLANG_CXX_LANGUAGE_STANDARD = "gnu++0x";
				CLANG_CXX_LIBRARY = "libc++";
				CLANG_ENABLE_OBJC_ARC = YES;
				CLANG_WARN_CONSTANT_CONVERSION = YES;
				CLANG_WARN_EMPTY_BODY = YES;
				CLANG_WARN_ENUM_CONVERSION = YES;
				CLANG_WARN_INT_CONVERSION = YES;
				CLANG_WARN__DUPLICATE_METHOD_MATCH = YES;
				"CODE_SIGN_IDENTITY[sdk=iphoneos*]" = "iPhone Developer";
				COPY_PHASE_STRIP = NO;
				GCC_C_LANGUAGE_STANDARD = gnu99;
				GCC_DYNAMIC_NO_PIC = NO;
				GCC_OPTIMIZATION_LEVEL = 0;
				GCC_PREPROCESSOR_DEFINITIONS = (
					"DEBUG=1",
					"$(inherited)",
				);
				GCC_SYMBOLS_PRIVATE_EXTERN = NO;
				GCC_WARN_ABOUT_RETURN_TYPE = YES;
				GCC_WARN_UNINITIALIZED_AUTOS = YES;
				GCC_WARN_UNUSED_VARIABLE = YES;
				IPHONEOS_DEPLOYMENT_TARGET = 6.1;
				ONLY_ACTIVE_ARCH = YES;
				SDKROOT = iphoneos;
				TARGETED_DEVICE_FAMILY = 2;
			};
			name = Debug;
		};
		974C848A17CDB30D00E4B43C /* Release */ = {
			isa = XCBuildConfiguration;
			buildSettings = {
				ALWAYS_SEARCH_USER_PATHS = NO;
				CLANG_CXX_LANGUAGE_STANDARD = "gnu++0x";
				CLANG_CXX_LIBRARY = "libc++";
				CLANG_ENABLE_OBJC_ARC = YES;
				CLANG_WARN_CONSTANT_CONVERSION = YES;
				CLANG_WARN_EMPTY_BODY = YES;
				CLANG_WARN_ENUM_CONVERSION = YES;
				CLANG_WARN_INT_CONVERSION = YES;
				CLANG_WARN__DUPLICATE_METHOD_MATCH = YES;
				"CODE_SIGN_IDENTITY[sdk=iphoneos*]" = "iPhone Developer";
				COPY_PHASE_STRIP = YES;
				GCC_C_LANGUAGE_STANDARD = gnu99;
				GCC_WARN_ABOUT_RETURN_TYPE = YES;
				GCC_WARN_UNINITIALIZED_AUTOS = YES;
				GCC_WARN_UNUSED_VARIABLE = YES;
				IPHONEOS_DEPLOYMENT_TARGET = 6.1;
				OTHER_CFLAGS = "-DNS_BLOCK_ASSERTIONS=1";
				SDKROOT = iphoneos;
				TARGETED_DEVICE_FAMILY = 2;
				VALIDATE_PRODUCT = YES;
			};
			name = Release;
		};
		974C848C17CDB30D00E4B43C /* Debug */ = {
			isa = XCBuildConfiguration;
			buildSettings = {
				GCC_PRECOMPILE_PREFIX_HEADER = YES;
				GCC_PREFIX_HEADER = "Fitzi/Fitzi-Prefix.pch";
				INFOPLIST_FILE = "Fitzi/Fitzi-Info.plist";
				PRODUCT_NAME = "$(TARGET_NAME)";
				WRAPPER_EXTENSION = app;
			};
			name = Debug;
		};
		974C848D17CDB30D00E4B43C /* Release */ = {
			isa = XCBuildConfiguration;
			buildSettings = {
				GCC_PRECOMPILE_PREFIX_HEADER = YES;
				GCC_PREFIX_HEADER = "Fitzi/Fitzi-Prefix.pch";
				INFOPLIST_FILE = "Fitzi/Fitzi-Info.plist";
				PRODUCT_NAME = "$(TARGET_NAME)";
				WRAPPER_EXTENSION = app;
			};
			name = Release;
		};
/* End XCBuildConfiguration section */

/* Begin XCConfigurationList section */
		974C846317CDB30D00E4B43C /* Build configuration list for PBXProject "Fitzi" */ = {
			isa = XCConfigurationList;
			buildConfigurations = (
				974C848917CDB30D00E4B43C /* Debug */,
				974C848A17CDB30D00E4B43C /* Release */,
			);
			defaultConfigurationIsVisible = 0;
			defaultConfigurationName = Release;
		};
		974C848B17CDB30D00E4B43C /* Build configuration list for PBXNativeTarget "Fitzi" */ = {
			isa = XCConfigurationList;
			buildConfigurations = (
				974C848C17CDB30D00E4B43C /* Debug */,
				974C848D17CDB30D00E4B43C /* Release */,
			);
			defaultConfigurationIsVisible = 0;
			defaultConfigurationName = Release;
		};
/* End XCConfigurationList section */
	};
	rootObject = 974C846017CDB30D00E4B43C /* Project object */;
}
